// !$*UTF8*$!
{
	archiveVersion = 1;
	classes = {
	};
	objectVersion = 46;
	objects = {

/* Begin PBXBuildFile section */
		28C4423B1BA0258A004A5EA1 /* main.m in Sources */ = {isa = PBXBuildFile; fileRef = 28C4423A1BA0258A004A5EA1 /* main.m */; };
		28C4423E1BA0258A004A5EA1 /* AppDelegate.m in Sources */ = {isa = PBXBuildFile; fileRef = 28C4423D1BA0258A004A5EA1 /* AppDelegate.m */; };
		28C442401BA0258B004A5EA1 /* art.scnassets in Resources */ = {isa = PBXBuildFile; fileRef = 28C4423F1BA0258B004A5EA1 /* art.scnassets */; };
		28C442431BA0258B004A5EA1 /* GameViewController.m in Sources */ = {isa = PBXBuildFile; fileRef = 28C442421BA0258B004A5EA1 /* GameViewController.m */; };
		28C442461BA0258B004A5EA1 /* Main.storyboard in Resources */ = {isa = PBXBuildFile; fileRef = 28C442441BA0258B004A5EA1 /* Main.storyboard */; };
		28C442481BA0258B004A5EA1 /* Images.xcassets in Resources */ = {isa = PBXBuildFile; fileRef = 28C442471BA0258B004A5EA1 /* Images.xcassets */; };
		28C4424B1BA0258B004A5EA1 /* LaunchScreen.xib in Resources */ = {isa = PBXBuildFile; fileRef = 28C442491BA0258B004A5EA1 /* LaunchScreen.xib */; };
		28C442571BA0258B004A5EA1 /* SceneSTLTests.m in Sources */ = {isa = PBXBuildFile; fileRef = 28C442561BA0258B004A5EA1 /* SceneSTLTests.m */; };
		28C442611BA02784004A5EA1 /* visualization_-_aerial.stl in Resources */ = {isa = PBXBuildFile; fileRef = 28C442601BA02784004A5EA1 /* visualization_-_aerial.stl */; };
/* End PBXBuildFile section */

/* Begin PBXContainerItemProxy section */
		28C442511BA0258B004A5EA1 /* PBXContainerItemProxy */ = {
			isa = PBXContainerItemProxy;
			containerPortal = 28C4422D1BA0258A004A5EA1 /* Project object */;
			proxyType = 1;
			remoteGlobalIDString = 28C442341BA0258A004A5EA1;
			remoteInfo = SceneSTL;
		};
/* End PBXContainerItemProxy section */

/* Begin PBXFileReference section */
		28C442351BA0258A004A5EA1 /* SceneSTL.app */ = {isa = PBXFileReference; explicitFileType = wrapper.application; includeInIndex = 0; path = SceneSTL.app; sourceTree = BUILT_PRODUCTS_DIR; };
		28C442391BA0258A004A5EA1 /* Info.plist */ = {isa = PBXFileReference; lastKnownFileType = text.plist.xml; path = Info.plist; sourceTree = "<group>"; };
		28C4423A1BA0258A004A5EA1 /* main.m */ = {isa = PBXFileReference; lastKnownFileType = sourcecode.c.objc; path = main.m; sourceTree = "<group>"; };
		28C4423C1BA0258A004A5EA1 /* AppDelegate.h */ = {isa = PBXFileReference; lastKnownFileType = sourcecode.c.h; path = AppDelegate.h; sourceTree = "<group>"; };
		28C4423D1BA0258A004A5EA1 /* AppDelegate.m */ = {isa = PBXFileReference; lastKnownFileType = sourcecode.c.objc; path = AppDelegate.m; sourceTree = "<group>"; };
		28C4423F1BA0258B004A5EA1 /* art.scnassets */ = {isa = PBXFileReference; lastKnownFileType = wrapper.scnassets; path = art.scnassets; sourceTree = "<group>"; };
		28C442411BA0258B004A5EA1 /* GameViewController.h */ = {isa = PBXFileReference; lastKnownFileType = sourcecode.c.h; path = GameViewController.h; sourceTree = "<group>"; };
		28C442421BA0258B004A5EA1 /* GameViewController.m */ = {isa = PBXFileReference; lastKnownFileType = sourcecode.c.objc; path = GameViewController.m; sourceTree = "<group>"; };
		28C442451BA0258B004A5EA1 /* Base */ = {isa = PBXFileReference; lastKnownFileType = file.storyboard; name = Base; path = Base.lproj/Main.storyboard; sourceTree = "<group>"; };
		28C442471BA0258B004A5EA1 /* Images.xcassets */ = {isa = PBXFileReference; lastKnownFileType = folder.assetcatalog; path = Images.xcassets; sourceTree = "<group>"; };
		28C4424A1BA0258B004A5EA1 /* Base */ = {isa = PBXFileReference; lastKnownFileType = file.xib; name = Base; path = Base.lproj/LaunchScreen.xib; sourceTree = "<group>"; };
		28C442501BA0258B004A5EA1 /* SceneSTLTests.xctest */ = {isa = PBXFileReference; explicitFileType = wrapper.cfbundle; includeInIndex = 0; path = SceneSTLTests.xctest; sourceTree = BUILT_PRODUCTS_DIR; };
		28C442551BA0258B004A5EA1 /* Info.plist */ = {isa = PBXFileReference; lastKnownFileType = text.plist.xml; path = Info.plist; sourceTree = "<group>"; };
		28C442561BA0258B004A5EA1 /* SceneSTLTests.m */ = {isa = PBXFileReference; lastKnownFileType = sourcecode.c.objc; path = SceneSTLTests.m; sourceTree = "<group>"; };
		28C442601BA02784004A5EA1 /* visualization_-_aerial.stl */ = {isa = PBXFileReference; lastKnownFileType = file; path = "visualization_-_aerial.stl"; sourceTree = "<group>"; };
/* End PBXFileReference section */

/* Begin PBXFrameworksBuildPhase section */
		28C442321BA0258A004A5EA1 /* Frameworks */ = {
			isa = PBXFrameworksBuildPhase;
			buildActionMask = 2147483647;
			files = (
			);
			runOnlyForDeploymentPostprocessing = 0;
		};
		28C4424D1BA0258B004A5EA1 /* Frameworks */ = {
			isa = PBXFrameworksBuildPhase;
			buildActionMask = 2147483647;
			files = (
			);
			runOnlyForDeploymentPostprocessing = 0;
		};
/* End PBXFrameworksBuildPhase section */

/* Begin PBXGroup section */
		28C4422C1BA0258A004A5EA1 = {
			isa = PBXGroup;
			children = (
				28C442371BA0258A004A5EA1 /* SceneSTL */,
				28C442531BA0258B004A5EA1 /* SceneSTLTests */,
				28C442361BA0258A004A5EA1 /* Products */,
			);
			sourceTree = "<group>";
		};
		28C442361BA0258A004A5EA1 /* Products */ = {
			isa = PBXGroup;
			children = (
				28C442351BA0258A004A5EA1 /* SceneSTL.app */,
				28C442501BA0258B004A5EA1 /* SceneSTLTests.xctest */,
			);
			name = Products;
			sourceTree = "<group>";
		};
		28C442371BA0258A004A5EA1 /* SceneSTL */ = {
			isa = PBXGroup;
			children = (
				28C4423C1BA0258A004A5EA1 /* AppDelegate.h */,
				28C4423D1BA0258A004A5EA1 /* AppDelegate.m */,
				28C4423F1BA0258B004A5EA1 /* art.scnassets */,
				28C442601BA02784004A5EA1 /* visualization_-_aerial.stl */,
				28C442411BA0258B004A5EA1 /* GameViewController.h */,
				28C442421BA0258B004A5EA1 /* GameViewController.m */,
				28C442441BA0258B004A5EA1 /* Main.storyboard */,
				28C442471BA0258B004A5EA1 /* Images.xcassets */,
				28C442491BA0258B004A5EA1 /* LaunchScreen.xib */,
				28C442381BA0258A004A5EA1 /* Supporting Files */,
			);
			path = SceneSTL;
			sourceTree = "<group>";
		};
		28C442381BA0258A004A5EA1 /* Supporting Files */ = {
			isa = PBXGroup;
			children = (
				28C442391BA0258A004A5EA1 /* Info.plist */,
				28C4423A1BA0258A004A5EA1 /* main.m */,
			);
			name = "Supporting Files";
			sourceTree = "<group>";
		};
		28C442531BA0258B004A5EA1 /* SceneSTLTests */ = {
			isa = PBXGroup;
			children = (
				28C442561BA0258B004A5EA1 /* SceneSTLTests.m */,
				28C442541BA0258B004A5EA1 /* Supporting Files */,
			);
			path = SceneSTLTests;
			sourceTree = "<group>";
		};
		28C442541BA0258B004A5EA1 /* Supporting Files */ = {
			isa = PBXGroup;
			children = (
				28C442551BA0258B004A5EA1 /* Info.plist */,
			);
			name = "Supporting Files";
			sourceTree = "<group>";
		};
/* End PBXGroup section */

/* Begin PBXNativeTarget section */
		28C442341BA0258A004A5EA1 /* SceneSTL */ = {
			isa = PBXNativeTarget;
			buildConfigurationList = 28C4425A1BA0258B004A5EA1 /* Build configuration list for PBXNativeTarget "SceneSTL" */;
			buildPhases = (
				28C442311BA0258A004A5EA1 /* Sources */,
				28C442321BA0258A004A5EA1 /* Frameworks */,
				28C442331BA0258A004A5EA1 /* Resources */,
			);
			buildRules = (
			);
			dependencies = (
			);
			name = SceneSTL;
			productName = SceneSTL;
			productReference = 28C442351BA0258A004A5EA1 /* SceneSTL.app */;
			productType = "com.apple.product-type.application";
		};
		28C4424F1BA0258B004A5EA1 /* SceneSTLTests */ = {
			isa = PBXNativeTarget;
			buildConfigurationList = 28C4425D1BA0258B004A5EA1 /* Build configuration list for PBXNativeTarget "SceneSTLTests" */;
			buildPhases = (
				28C4424C1BA0258B004A5EA1 /* Sources */,
				28C4424D1BA0258B004A5EA1 /* Frameworks */,
				28C4424E1BA0258B004A5EA1 /* Resources */,
			);
			buildRules = (
			);
			dependencies = (
				28C442521BA0258B004A5EA1 /* PBXTargetDependency */,
			);
			name = SceneSTLTests;
			productName = SceneSTLTests;
			productReference = 28C442501BA0258B004A5EA1 /* SceneSTLTests.xctest */;
			productType = "com.apple.product-type.bundle.unit-test";
		};
/* End PBXNativeTarget section */

/* Begin PBXProject section */
		28C4422D1BA0258A004A5EA1 /* Project object */ = {
			isa = PBXProject;
			attributes = {
				LastUpgradeCheck = 0640;
				ORGANIZATIONNAME = guoyi;
				TargetAttributes = {
					28C442341BA0258A004A5EA1 = {
						CreatedOnToolsVersion = 6.4;
					};
					28C4424F1BA0258B004A5EA1 = {
						CreatedOnToolsVersion = 6.4;
						TestTargetID = 28C442341BA0258A004A5EA1;
					};
				};
			};
			buildConfigurationList = 28C442301BA0258A004A5EA1 /* Build configuration list for PBXProject "SceneSTL" */;
			compatibilityVersion = "Xcode 3.2";
			developmentRegion = English;
			hasScannedForEncodings = 0;
			knownRegions = (
				en,
				Base,
			);
			mainGroup = 28C4422C1BA0258A004A5EA1;
			productRefGroup = 28C442361BA0258A004A5EA1 /* Products */;
			projectDirPath = "";
			projectRoot = "";
			targets = (
				28C442341BA0258A004A5EA1 /* SceneSTL */,
				28C4424F1BA0258B004A5EA1 /* SceneSTLTests */,
			);
		};
/* End PBXProject section */

/* Begin PBXResourcesBuildPhase section */
		28C442331BA0258A004A5EA1 /* Resources */ = {
			isa = PBXResourcesBuildPhase;
			buildActionMask = 2147483647;
			files = (
				28C4424B1BA0258B004A5EA1 /* LaunchScreen.xib in Resources */,
				28C442481BA0258B004A5EA1 /* Images.xcassets in Resources */,
				28C442401BA0258B004A5EA1 /* art.scnassets in Resources */,
				28C442611BA02784004A5EA1 /* visualization_-_aerial.stl in Resources */,
				28C442461BA0258B004A5EA1 /* Main.storyboard in Resources */,
			);
			runOnlyForDeploymentPostprocessing = 0;
		};
		28C4424E1BA0258B004A5EA1 /* Resources */ = {
			isa = PBXResourcesBuildPhase;
			buildActionMask = 2147483647;
			files = (
			);
			runOnlyForDeploymentPostprocessing = 0;
		};
/* End PBXResourcesBuildPhase section */

/* Begin PBXSourcesBuildPhase section */
		28C442311BA0258A004A5EA1 /* Sources */ = {
			isa = PBXSourcesBuildPhase;
			buildActionMask = 2147483647;
			files = (
				28C4423E1BA0258A004A5EA1 /* AppDelegate.m in Sources */,
				28C442431BA0258B004A5EA1 /* GameViewController.m in Sources */,
				28C4423B1BA0258A004A5EA1 /* main.m in Sources */,
			);
			runOnlyForDeploymentPostprocessing = 0;
		};
		28C4424C1BA0258B004A5EA1 /* Sources */ = {
			isa = PBXSourcesBuildPhase;
			buildActionMask = 2147483647;
			files = (
				28C442571BA0258B004A5EA1 /* SceneSTLTests.m in Sources */,
			);
			runOnlyForDeploymentPostprocessing = 0;
		};
/* End PBXSourcesBuildPhase section */

/* Begin PBXTargetDependency section */
		28C442521BA0258B004A5EA1 /* PBXTargetDependency */ = {
			isa = PBXTargetDependency;
			target = 28C442341BA0258A004A5EA1 /* SceneSTL */;
			targetProxy = 28C442511BA0258B004A5EA1 /* PBXContainerItemProxy */;
		};
/* End PBXTargetDependency section */

/* Begin PBXVariantGroup section */
		28C442441BA0258B004A5EA1 /* Main.storyboard */ = {
			isa = PBXVariantGroup;
			children = (
				28C442451BA0258B004A5EA1 /* Base */,
			);
			name = Main.storyboard;
			sourceTree = "<group>";
		};
		28C442491BA0258B004A5EA1 /* LaunchScreen.xib */ = {
			isa = PBXVariantGroup;
			children = (
				28C4424A1BA0258B004A5EA1 /* Base */,
			);
			name = LaunchScreen.xib;
			sourceTree = "<group>";
		};
/* End PBXVariantGroup section */

/* Begin XCBuildConfiguration section */
		28C442581BA0258B004A5EA1 /* Debug */ = {
			isa = XCBuildConfiguration;
			buildSettings = {
				ALWAYS_SEARCH_USER_PATHS = NO;
				CLANG_CXX_LANGUAGE_STANDARD = "gnu++0x";
				CLANG_CXX_LIBRARY = "libc++";
				CLANG_ENABLE_MODULES = YES;
				CLANG_ENABLE_OBJC_ARC = YES;
				CLANG_WARN_BOOL_CONVERSION = YES;
				CLANG_WARN_CONSTANT_CONVERSION = YES;
				CLANG_WARN_DIRECT_OBJC_ISA_USAGE = YES_ERROR;
				CLANG_WARN_EMPTY_BODY = YES;
				CLANG_WARN_ENUM_CONVERSION = YES;
				CLANG_WARN_INT_CONVERSION = YES;
				CLANG_WARN_OBJC_ROOT_CLASS = YES_ERROR;
				CLANG_WARN_UNREACHABLE_CODE = YES;
				CLANG_WARN__DUPLICATE_METHOD_MATCH = YES;
				"CODE_SIGN_IDENTITY[sdk=iphoneos*]" = "iPhone Developer";
				COPY_PHASE_STRIP = NO;
				DEBUG_INFORMATION_FORMAT = "dwarf-with-dsym";
				ENABLE_STRICT_OBJC_MSGSEND = YES;
				GCC_C_LANGUAGE_STANDARD = gnu99;
				GCC_DYNAMIC_NO_PIC = NO;
				GCC_NO_COMMON_BLOCKS = YES;
				GCC_OPTIMIZATION_LEVEL = 0;
				GCC_PREPROCESSOR_DEFINITIONS = (
					"DEBUG=1",
					"$(inherited)",
				);
				GCC_SYMBOLS_PRIVATE_EXTERN = NO;
				GCC_WARN_64_TO_32_BIT_CONVERSION = YES;
				GCC_WARN_ABOUT_RETURN_TYPE = YES_ERROR;
				GCC_WARN_UNDECLARED_SELECTOR = YES;
				GCC_WARN_UNINITIALIZED_AUTOS = YES_AGGRESSIVE;
				GCC_WARN_UNUSED_FUNCTION = YES;
				GCC_WARN_UNUSED_VARIABLE = YES;
				IPHONEOS_DEPLOYMENT_TARGET = 8.4;
				MTL_ENABLE_DEBUG_INFO = YES;
				ONLY_ACTIVE_ARCH = YES;
				SDKROOT = iphoneos;
				TARGETED_DEVICE_FAMILY = "1,2";
			};
			name = Debug;
		};
		28C442591BA0258B004A5EA1 /* Release */ = {
			isa = XCBuildConfiguration;
			buildSettings = {
				ALWAYS_SEARCH_USER_PATHS = NO;
				CLANG_CXX_LANGUAGE_STANDARD = "gnu++0x";
				CLANG_CXX_LIBRARY = "libc++";
				CLANG_ENABLE_MODULES = YES;
				CLANG_ENABLE_OBJC_ARC = YES;
				CLANG_WARN_BOOL_CONVERSION = YES;
				CLANG_WARN_CONSTANT_CONVERSION = YES;
				CLANG_WARN_DIRECT_OBJC_ISA_USAGE = YES_ERROR;
				CLANG_WARN_EMPTY_BODY = YES;
				CLANG_WARN_ENUM_CONVERSION = YES;
				CLANG_WARN_INT_CONVERSION = YES;
				CLANG_WARN_OBJC_ROOT_CLASS = YES_ERROR;
				CLANG_WARN_UNREACHABLE_CODE = YES;
				CLANG_WARN__DUPLICATE_METHOD_MATCH = YES;
				"CODE_SIGN_IDENTITY[sdk=iphoneos*]" = "iPhone Developer";
				COPY_PHASE_STRIP = NO;
				DEBUG_INFORMATION_FORMAT = "dwarf-with-dsym";
				ENABLE_NS_ASSERTIONS = NO;
				ENABLE_STRICT_OBJC_MSGSEND = YES;
				GCC_C_LANGUAGE_STANDARD = gnu99;
				GCC_NO_COMMON_BLOCKS = YES;
				GCC_WARN_64_TO_32_BIT_CONVERSION = YES;
				GCC_WARN_ABOUT_RETURN_TYPE = YES_ERROR;
				GCC_WARN_UNDECLARED_SELECTOR = YES;
				GCC_WARN_UNINITIALIZED_AUTOS = YES_AGGRESSIVE;
				GCC_WARN_UNUSED_FUNCTION = YES;
				GCC_WARN_UNUSED_VARIABLE = YES;
				IPHONEOS_DEPLOYMENT_TARGET = 8.4;
				MTL_ENABLE_DEBUG_INFO = NO;
				SDKROOT = iphoneos;
				TARGETED_DEVICE_FAMILY = "1,2";
				VALIDATE_PRODUCT = YES;
			};
			name = Release;
		};
		28C4425B1BA0258B004A5EA1 /* Debug */ = {
			isa = XCBuildConfiguration;
			buildSettings = {
				ASSETCATALOG_COMPILER_APPICON_NAME = AppIcon;
				INFOPLIST_FILE = SceneSTL/Info.plist;
				LD_RUNPATH_SEARCH_PATHS = "$(inherited) @executable_path/Frameworks";
				PRODUCT_NAME = "$(TARGET_NAME)";
			};
			name = Debug;
		};
		28C4425C1BA0258B004A5EA1 /* Release */ = {
			isa = XCBuildConfiguration;
			buildSettings = {
				ASSETCATALOG_COMPILER_APPICON_NAME = AppIcon;
				INFOPLIST_FILE = SceneSTL/Info.plist;
				LD_RUNPATH_SEARCH_PATHS = "$(inherited) @executable_path/Frameworks";
				PRODUCT_NAME = "$(TARGET_NAME)";
			};
			name = Release;
		};
		28C4425E1BA0258B004A5EA1 /* Debug */ = {
			isa = XCBuildConfiguration;
			buildSettings = {
				BUNDLE_LOADER = "$(TEST_HOST)";
				FRAMEWORK_SEARCH_PATHS = (
					"$(SDKROOT)/Developer/Library/Frameworks",
					"$(inherited)",
				);
				GCC_PREPROCESSOR_DEFINITIONS = (
					"DEBUG=1",
					"$(inherited)",
				);
				INFOPLIST_FILE = SceneSTLTests/Info.plist;
				LD_RUNPATH_SEARCH_PATHS = "$(inherited) @executable_path/Frameworks @loader_path/Frameworks";
				PRODUCT_NAME = "$(TARGET_NAME)";
				TEST_HOST = "$(BUILT_PRODUCTS_DIR)/SceneSTL.app/SceneSTL";
			};
			name = Debug;
		};
		28C4425F1BA0258B004A5EA1 /* Release */ = {
			isa = XCBuildConfiguration;
			buildSettings = {
				BUNDLE_LOADER = "$(TEST_HOST)";
				FRAMEWORK_SEARCH_PATHS = (
					"$(SDKROOT)/Developer/Library/Frameworks",
					"$(inherited)",
				);
				INFOPLIST_FILE = SceneSTLTests/Info.plist;
				LD_RUNPATH_SEARCH_PATHS = "$(inherited) @executable_path/Frameworks @loader_path/Frameworks";
				PRODUCT_NAME = "$(TARGET_NAME)";
				TEST_HOST = "$(BUILT_PRODUCTS_DIR)/SceneSTL.app/SceneSTL";
			};
			name = Release;
		};
/* End XCBuildConfiguration section */

/* Begin XCConfigurationList section */
		28C442301BA0258A004A5EA1 /* Build configuration list for PBXProject "SceneSTL" */ = {
			isa = XCConfigurationList;
			buildConfigurations = (
				28C442581BA0258B004A5EA1 /* Debug */,
				28C442591BA0258B004A5EA1 /* Release */,
			);
			defaultConfigurationIsVisible = 0;
			defaultConfigurationName = Release;
		};
		28C4425A1BA0258B004A5EA1 /* Build configuration list for PBXNativeTarget "SceneSTL" */ = {
			isa = XCConfigurationList;
			buildConfigurations = (
				28C4425B1BA0258B004A5EA1 /* Debug */,
				28C4425C1BA0258B004A5EA1 /* Release */,
			);
			defaultConfigurationIsVisible = 0;
		};
		28C4425D1BA0258B004A5EA1 /* Build configuration list for PBXNativeTarget "SceneSTLTests" */ = {
			isa = XCConfigurationList;
			buildConfigurations = (
				28C4425E1BA0258B004A5EA1 /* Debug */,
				28C4425F1BA0258B004A5EA1 /* Release */,
			);
			defaultConfigurationIsVisible = 0;
		};
/* End XCConfigurationList section */
	};
	rootObject = 28C4422D1BA0258A004A5EA1 /* Project object */;
}
