// !$*UTF8*$!
{
	archiveVersion = 1;
	classes = {
	};
	objectVersion = 46;
	objects = {

/* Begin PBXBuildFile section */
		289ADD871B944511001DA130 /* RevolvedModelA.stl in Resources */ = {isa = PBXBuildFile; fileRef = 289ADD861B944511001DA130 /* RevolvedModelA.stl */; };
		289ADD8B1B947248001DA130 /* RevolvedModel.stl in Resources */ = {isa = PBXBuildFile; fileRef = 289ADD8A1B947248001DA130 /* RevolvedModel.stl */; };
		28A17B3F1B8B2BB300A1654F /* main.m in Sources */ = {isa = PBXBuildFile; fileRef = 28A17B3E1B8B2BB300A1654F /* main.m */; };
		28A17B421B8B2BB300A1654F /* AppDelegate.m in Sources */ = {isa = PBXBuildFile; fileRef = 28A17B411B8B2BB300A1654F /* AppDelegate.m */; };
		28A17B441B8B2BB300A1654F /* Shader.fsh in Resources */ = {isa = PBXBuildFile; fileRef = 28A17B431B8B2BB300A1654F /* Shader.fsh */; };
		28A17B461B8B2BB300A1654F /* Shader.vsh in Resources */ = {isa = PBXBuildFile; fileRef = 28A17B451B8B2BB300A1654F /* Shader.vsh */; };
		28A17B491B8B2BB300A1654F /* GameViewController.m in Sources */ = {isa = PBXBuildFile; fileRef = 28A17B481B8B2BB300A1654F /* GameViewController.m */; };
		28A17B4C1B8B2BB300A1654F /* Main.storyboard in Resources */ = {isa = PBXBuildFile; fileRef = 28A17B4A1B8B2BB300A1654F /* Main.storyboard */; };
		28A17B4E1B8B2BB300A1654F /* Images.xcassets in Resources */ = {isa = PBXBuildFile; fileRef = 28A17B4D1B8B2BB300A1654F /* Images.xcassets */; };
		28A17B511B8B2BB300A1654F /* LaunchScreen.xib in Resources */ = {isa = PBXBuildFile; fileRef = 28A17B4F1B8B2BB300A1654F /* LaunchScreen.xib */; };
		28A17B5D1B8B2BB300A1654F /* OpenGL_ESTests.m in Sources */ = {isa = PBXBuildFile; fileRef = 28A17B5C1B8B2BB300A1654F /* OpenGL_ESTests.m */; };
/* End PBXBuildFile section */

/* Begin PBXContainerItemProxy section */
		28A17B571B8B2BB300A1654F /* PBXContainerItemProxy */ = {
			isa = PBXContainerItemProxy;
			containerPortal = 28A17B311B8B2BB300A1654F /* Project object */;
			proxyType = 1;
			remoteGlobalIDString = 28A17B381B8B2BB300A1654F;
			remoteInfo = "OpenGL-ES";
		};
/* End PBXContainerItemProxy section */

/* Begin PBXFileReference section */
		289ADD861B944511001DA130 /* RevolvedModelA.stl */ = {isa = PBXFileReference; lastKnownFileType = file; path = RevolvedModelA.stl; sourceTree = "<group>"; };
		289ADD8A1B947248001DA130 /* RevolvedModel.stl */ = {isa = PBXFileReference; lastKnownFileType = file; path = RevolvedModel.stl; sourceTree = "<group>"; };
		28A17B391B8B2BB300A1654F /* OpenGL-ES.app */ = {isa = PBXFileReference; explicitFileType = wrapper.application; includeInIndex = 0; path = "OpenGL-ES.app"; sourceTree = BUILT_PRODUCTS_DIR; };
		28A17B3D1B8B2BB300A1654F /* Info.plist */ = {isa = PBXFileReference; lastKnownFileType = text.plist.xml; path = Info.plist; sourceTree = "<group>"; };
		28A17B3E1B8B2BB300A1654F /* main.m */ = {isa = PBXFileReference; lastKnownFileType = sourcecode.c.objc; path = main.m; sourceTree = "<group>"; };
		28A17B401B8B2BB300A1654F /* AppDelegate.h */ = {isa = PBXFileReference; lastKnownFileType = sourcecode.c.h; path = AppDelegate.h; sourceTree = "<group>"; };
		28A17B411B8B2BB300A1654F /* AppDelegate.m */ = {isa = PBXFileReference; lastKnownFileType = sourcecode.c.objc; path = AppDelegate.m; sourceTree = "<group>"; };
		28A17B431B8B2BB300A1654F /* Shader.fsh */ = {isa = PBXFileReference; lastKnownFileType = sourcecode.glsl; name = Shader.fsh; path = Shaders/Shader.fsh; sourceTree = "<group>"; };
		28A17B451B8B2BB300A1654F /* Shader.vsh */ = {isa = PBXFileReference; lastKnownFileType = sourcecode.glsl; name = Shader.vsh; path = Shaders/Shader.vsh; sourceTree = "<group>"; };
		28A17B471B8B2BB300A1654F /* GameViewController.h */ = {isa = PBXFileReference; lastKnownFileType = sourcecode.c.h; path = GameViewController.h; sourceTree = "<group>"; };
		28A17B481B8B2BB300A1654F /* GameViewController.m */ = {isa = PBXFileReference; lastKnownFileType = sourcecode.c.objc; path = GameViewController.m; sourceTree = "<group>"; };
		28A17B4B1B8B2BB300A1654F /* Base */ = {isa = PBXFileReference; lastKnownFileType = file.storyboard; name = Base; path = Base.lproj/Main.storyboard; sourceTree = "<group>"; };
		28A17B4D1B8B2BB300A1654F /* Images.xcassets */ = {isa = PBXFileReference; lastKnownFileType = folder.assetcatalog; path = Images.xcassets; sourceTree = "<group>"; };
		28A17B501B8B2BB300A1654F /* Base */ = {isa = PBXFileReference; lastKnownFileType = file.xib; name = Base; path = Base.lproj/LaunchScreen.xib; sourceTree = "<group>"; };
		28A17B561B8B2BB300A1654F /* OpenGL-ESTests.xctest */ = {isa = PBXFileReference; explicitFileType = wrapper.cfbundle; includeInIndex = 0; path = "OpenGL-ESTests.xctest"; sourceTree = BUILT_PRODUCTS_DIR; };
		28A17B5B1B8B2BB300A1654F /* Info.plist */ = {isa = PBXFileReference; lastKnownFileType = text.plist.xml; path = Info.plist; sourceTree = "<group>"; };
		28A17B5C1B8B2BB300A1654F /* OpenGL_ESTests.m */ = {isa = PBXFileReference; lastKnownFileType = sourcecode.c.objc; path = OpenGL_ESTests.m; sourceTree = "<group>"; };
/* End PBXFileReference section */

/* Begin PBXFrameworksBuildPhase section */
		28A17B361B8B2BB300A1654F /* Frameworks */ = {
			isa = PBXFrameworksBuildPhase;
			buildActionMask = 2147483647;
			files = (
			);
			runOnlyForDeploymentPostprocessing = 0;
		};
		28A17B531B8B2BB300A1654F /* Frameworks */ = {
			isa = PBXFrameworksBuildPhase;
			buildActionMask = 2147483647;
			files = (
			);
			runOnlyForDeploymentPostprocessing = 0;
		};
/* End PBXFrameworksBuildPhase section */

/* Begin PBXGroup section */
		28A17B301B8B2BB300A1654F = {
			isa = PBXGroup;
			children = (
				28A17B3B1B8B2BB300A1654F /* OpenGL-ES */,
				28A17B591B8B2BB300A1654F /* OpenGL-ESTests */,
				28A17B3A1B8B2BB300A1654F /* Products */,
			);
			sourceTree = "<group>";
		};
		28A17B3A1B8B2BB300A1654F /* Products */ = {
			isa = PBXGroup;
			children = (
				28A17B391B8B2BB300A1654F /* OpenGL-ES.app */,
				28A17B561B8B2BB300A1654F /* OpenGL-ESTests.xctest */,
			);
			name = Products;
			sourceTree = "<group>";
		};
		28A17B3B1B8B2BB300A1654F /* OpenGL-ES */ = {
			isa = PBXGroup;
			children = (
				289ADD861B944511001DA130 /* RevolvedModelA.stl */,
				289ADD8A1B947248001DA130 /* RevolvedModel.stl */,
				28A17B401B8B2BB300A1654F /* AppDelegate.h */,
				28A17B411B8B2BB300A1654F /* AppDelegate.m */,
				28A17B431B8B2BB300A1654F /* Shader.fsh */,
				28A17B451B8B2BB300A1654F /* Shader.vsh */,
				28A17B471B8B2BB300A1654F /* GameViewController.h */,
				28A17B481B8B2BB300A1654F /* GameViewController.m */,
				28A17B4A1B8B2BB300A1654F /* Main.storyboard */,
				28A17B4D1B8B2BB300A1654F /* Images.xcassets */,
				28A17B4F1B8B2BB300A1654F /* LaunchScreen.xib */,
				28A17B3C1B8B2BB300A1654F /* Supporting Files */,
			);
			path = "OpenGL-ES";
			sourceTree = "<group>";
		};
		28A17B3C1B8B2BB300A1654F /* Supporting Files */ = {
			isa = PBXGroup;
			children = (
				28A17B3D1B8B2BB300A1654F /* Info.plist */,
				28A17B3E1B8B2BB300A1654F /* main.m */,
			);
			name = "Supporting Files";
			sourceTree = "<group>";
		};
		28A17B591B8B2BB300A1654F /* OpenGL-ESTests */ = {
			isa = PBXGroup;
			children = (
				28A17B5C1B8B2BB300A1654F /* OpenGL_ESTests.m */,
				28A17B5A1B8B2BB300A1654F /* Supporting Files */,
			);
			path = "OpenGL-ESTests";
			sourceTree = "<group>";
		};
		28A17B5A1B8B2BB300A1654F /* Supporting Files */ = {
			isa = PBXGroup;
			children = (
				28A17B5B1B8B2BB300A1654F /* Info.plist */,
			);
			name = "Supporting Files";
			sourceTree = "<group>";
		};
/* End PBXGroup section */

/* Begin PBXNativeTarget section */
		28A17B381B8B2BB300A1654F /* OpenGL-ES */ = {
			isa = PBXNativeTarget;
			buildConfigurationList = 28A17B601B8B2BB300A1654F /* Build configuration list for PBXNativeTarget "OpenGL-ES" */;
			buildPhases = (
				28A17B351B8B2BB300A1654F /* Sources */,
				28A17B361B8B2BB300A1654F /* Frameworks */,
				28A17B371B8B2BB300A1654F /* Resources */,
			);
			buildRules = (
			);
			dependencies = (
			);
			name = "OpenGL-ES";
			productName = "OpenGL-ES";
			productReference = 28A17B391B8B2BB300A1654F /* OpenGL-ES.app */;
			productType = "com.apple.product-type.application";
		};
		28A17B551B8B2BB300A1654F /* OpenGL-ESTests */ = {
			isa = PBXNativeTarget;
			buildConfigurationList = 28A17B631B8B2BB300A1654F /* Build configuration list for PBXNativeTarget "OpenGL-ESTests" */;
			buildPhases = (
				28A17B521B8B2BB300A1654F /* Sources */,
				28A17B531B8B2BB300A1654F /* Frameworks */,
				28A17B541B8B2BB300A1654F /* Resources */,
			);
			buildRules = (
			);
			dependencies = (
				28A17B581B8B2BB300A1654F /* PBXTargetDependency */,
			);
			name = "OpenGL-ESTests";
			productName = "OpenGL-ESTests";
			productReference = 28A17B561B8B2BB300A1654F /* OpenGL-ESTests.xctest */;
			productType = "com.apple.product-type.bundle.unit-test";
		};
/* End PBXNativeTarget section */

/* Begin PBXProject section */
		28A17B311B8B2BB300A1654F /* Project object */ = {
			isa = PBXProject;
			attributes = {
				LastUpgradeCheck = 0640;
				ORGANIZATIONNAME = guoyi;
				TargetAttributes = {
					28A17B381B8B2BB300A1654F = {
						CreatedOnToolsVersion = 6.4;
						DevelopmentTeam = 658F9LHEEU;
					};
					28A17B551B8B2BB300A1654F = {
						CreatedOnToolsVersion = 6.4;
						TestTargetID = 28A17B381B8B2BB300A1654F;
					};
				};
			};
			buildConfigurationList = 28A17B341B8B2BB300A1654F /* Build configuration list for PBXProject "OpenGL-ES" */;
			compatibilityVersion = "Xcode 3.2";
			developmentRegion = English;
			hasScannedForEncodings = 0;
			knownRegions = (
				en,
				Base,
			);
			mainGroup = 28A17B301B8B2BB300A1654F;
			productRefGroup = 28A17B3A1B8B2BB300A1654F /* Products */;
			projectDirPath = "";
			projectRoot = "";
			targets = (
				28A17B381B8B2BB300A1654F /* OpenGL-ES */,
				28A17B551B8B2BB300A1654F /* OpenGL-ESTests */,
			);
		};
/* End PBXProject section */

/* Begin PBXResourcesBuildPhase section */
		28A17B371B8B2BB300A1654F /* Resources */ = {
			isa = PBXResourcesBuildPhase;
			buildActionMask = 2147483647;
			files = (
				28A17B511B8B2BB300A1654F /* LaunchScreen.xib in Resources */,
				28A17B4C1B8B2BB300A1654F /* Main.storyboard in Resources */,
				289ADD8B1B947248001DA130 /* RevolvedModel.stl in Resources */,
				289ADD871B944511001DA130 /* RevolvedModelA.stl in Resources */,
				28A17B4E1B8B2BB300A1654F /* Images.xcassets in Resources */,
				28A17B461B8B2BB300A1654F /* Shader.vsh in Resources */,
				28A17B441B8B2BB300A1654F /* Shader.fsh in Resources */,
			);
			runOnlyForDeploymentPostprocessing = 0;
		};
		28A17B541B8B2BB300A1654F /* Resources */ = {
			isa = PBXResourcesBuildPhase;
			buildActionMask = 2147483647;
			files = (
			);
			runOnlyForDeploymentPostprocessing = 0;
		};
/* End PBXResourcesBuildPhase section */

/* Begin PBXSourcesBuildPhase section */
		28A17B351B8B2BB300A1654F /* Sources */ = {
			isa = PBXSourcesBuildPhase;
			buildActionMask = 2147483647;
			files = (
				28A17B421B8B2BB300A1654F /* AppDelegate.m in Sources */,
				28A17B491B8B2BB300A1654F /* GameViewController.m in Sources */,
				28A17B3F1B8B2BB300A1654F /* main.m in Sources */,
			);
			runOnlyForDeploymentPostprocessing = 0;
		};
		28A17B521B8B2BB300A1654F /* Sources */ = {
			isa = PBXSourcesBuildPhase;
			buildActionMask = 2147483647;
			files = (
				28A17B5D1B8B2BB300A1654F /* OpenGL_ESTests.m in Sources */,
			);
			runOnlyForDeploymentPostprocessing = 0;
		};
/* End PBXSourcesBuildPhase section */

/* Begin PBXTargetDependency section */
		28A17B581B8B2BB300A1654F /* PBXTargetDependency */ = {
			isa = PBXTargetDependency;
			target = 28A17B381B8B2BB300A1654F /* OpenGL-ES */;
			targetProxy = 28A17B571B8B2BB300A1654F /* PBXContainerItemProxy */;
		};
/* End PBXTargetDependency section */

/* Begin PBXVariantGroup section */
		28A17B4A1B8B2BB300A1654F /* Main.storyboard */ = {
			isa = PBXVariantGroup;
			children = (
				28A17B4B1B8B2BB300A1654F /* Base */,
			);
			name = Main.storyboard;
			sourceTree = "<group>";
		};
		28A17B4F1B8B2BB300A1654F /* LaunchScreen.xib */ = {
			isa = PBXVariantGroup;
			children = (
				28A17B501B8B2BB300A1654F /* Base */,
			);
			name = LaunchScreen.xib;
			sourceTree = "<group>";
		};
/* End PBXVariantGroup section */

/* Begin XCBuildConfiguration section */
		28A17B5E1B8B2BB300A1654F /* Debug */ = {
			isa = XCBuildConfiguration;
			buildSettings = {
				ALWAYS_SEARCH_USER_PATHS = NO;
				CLANG_CXX_LANGUAGE_STANDARD = "gnu++0x";
				CLANG_CXX_LIBRARY = "libc++";
				CLANG_ENABLE_MODULES = YES;
				CLANG_ENABLE_OBJC_ARC = YES;
				CLANG_WARN_BOOL_CONVERSION = YES;
				CLANG_WARN_CONSTANT_CONVERSION = YES;
				CLANG_WARN_DIRECT_OBJC_ISA_USAGE = YES_ERROR;
				CLANG_WARN_EMPTY_BODY = YES;
				CLANG_WARN_ENUM_CONVERSION = YES;
				CLANG_WARN_INT_CONVERSION = YES;
				CLANG_WARN_OBJC_ROOT_CLASS = YES_ERROR;
				CLANG_WARN_UNREACHABLE_CODE = YES;
				CLANG_WARN__DUPLICATE_METHOD_MATCH = YES;
				"CODE_SIGN_IDENTITY[sdk=iphoneos*]" = "iPhone Developer";
				COPY_PHASE_STRIP = NO;
				DEBUG_INFORMATION_FORMAT = "dwarf-with-dsym";
				ENABLE_STRICT_OBJC_MSGSEND = YES;
				GCC_C_LANGUAGE_STANDARD = gnu99;
				GCC_DYNAMIC_NO_PIC = NO;
				GCC_NO_COMMON_BLOCKS = YES;
				GCC_OPTIMIZATION_LEVEL = 0;
				GCC_PREPROCESSOR_DEFINITIONS = (
					"DEBUG=1",
					"$(inherited)",
				);
				GCC_SYMBOLS_PRIVATE_EXTERN = NO;
				GCC_WARN_64_TO_32_BIT_CONVERSION = YES;
				GCC_WARN_ABOUT_RETURN_TYPE = YES_ERROR;
				GCC_WARN_UNDECLARED_SELECTOR = YES;
				GCC_WARN_UNINITIALIZED_AUTOS = YES_AGGRESSIVE;
				GCC_WARN_UNUSED_FUNCTION = YES;
				GCC_WARN_UNUSED_VARIABLE = YES;
				IPHONEOS_DEPLOYMENT_TARGET = 8.4;
				MTL_ENABLE_DEBUG_INFO = YES;
				ONLY_ACTIVE_ARCH = YES;
				SDKROOT = iphoneos;
				TARGETED_DEVICE_FAMILY = "1,2";
			};
			name = Debug;
		};
		28A17B5F1B8B2BB300A1654F /* Release */ = {
			isa = XCBuildConfiguration;
			buildSettings = {
				ALWAYS_SEARCH_USER_PATHS = NO;
				CLANG_CXX_LANGUAGE_STANDARD = "gnu++0x";
				CLANG_CXX_LIBRARY = "libc++";
				CLANG_ENABLE_MODULES = YES;
				CLANG_ENABLE_OBJC_ARC = YES;
				CLANG_WARN_BOOL_CONVERSION = YES;
				CLANG_WARN_CONSTANT_CONVERSION = YES;
				CLANG_WARN_DIRECT_OBJC_ISA_USAGE = YES_ERROR;
				CLANG_WARN_EMPTY_BODY = YES;
				CLANG_WARN_ENUM_CONVERSION = YES;
				CLANG_WARN_INT_CONVERSION = YES;
				CLANG_WARN_OBJC_ROOT_CLASS = YES_ERROR;
				CLANG_WARN_UNREACHABLE_CODE = YES;
				CLANG_WARN__DUPLICATE_METHOD_MATCH = YES;
				"CODE_SIGN_IDENTITY[sdk=iphoneos*]" = "iPhone Developer";
				COPY_PHASE_STRIP = NO;
				DEBUG_INFORMATION_FORMAT = "dwarf-with-dsym";
				ENABLE_NS_ASSERTIONS = NO;
				ENABLE_STRICT_OBJC_MSGSEND = YES;
				GCC_C_LANGUAGE_STANDARD = gnu99;
				GCC_NO_COMMON_BLOCKS = YES;
				GCC_WARN_64_TO_32_BIT_CONVERSION = YES;
				GCC_WARN_ABOUT_RETURN_TYPE = YES_ERROR;
				GCC_WARN_UNDECLARED_SELECTOR = YES;
				GCC_WARN_UNINITIALIZED_AUTOS = YES_AGGRESSIVE;
				GCC_WARN_UNUSED_FUNCTION = YES;
				GCC_WARN_UNUSED_VARIABLE = YES;
				IPHONEOS_DEPLOYMENT_TARGET = 8.4;
				MTL_ENABLE_DEBUG_INFO = NO;
				SDKROOT = iphoneos;
				TARGETED_DEVICE_FAMILY = "1,2";
				VALIDATE_PRODUCT = YES;
			};
			name = Release;
		};
		28A17B611B8B2BB300A1654F /* Debug */ = {
			isa = XCBuildConfiguration;
			buildSettings = {
				ASSETCATALOG_COMPILER_APPICON_NAME = AppIcon;
				CODE_SIGN_IDENTITY = "iPhone Developer";
				"CODE_SIGN_IDENTITY[sdk=iphoneos*]" = "iPhone Developer: yang zhao (CYK7YW5E75)";
				INFOPLIST_FILE = "OpenGL-ES/Info.plist";
				LD_RUNPATH_SEARCH_PATHS = "$(inherited) @executable_path/Frameworks";
				PRODUCT_NAME = "$(TARGET_NAME)";
				PROVISIONING_PROFILE = "28c7c0bd-a41c-4152-befa-067097b09ceb";
			};
			name = Debug;
		};
		28A17B621B8B2BB300A1654F /* Release */ = {
			isa = XCBuildConfiguration;
			buildSettings = {
				ASSETCATALOG_COMPILER_APPICON_NAME = AppIcon;
				CODE_SIGN_IDENTITY = "iPhone Developer";
				"CODE_SIGN_IDENTITY[sdk=iphoneos*]" = "iPhone Developer: yang zhao (CYK7YW5E75)";
				INFOPLIST_FILE = "OpenGL-ES/Info.plist";
				LD_RUNPATH_SEARCH_PATHS = "$(inherited) @executable_path/Frameworks";
				PRODUCT_NAME = "$(TARGET_NAME)";
				PROVISIONING_PROFILE = "28c7c0bd-a41c-4152-befa-067097b09ceb";
			};
			name = Release;
		};
		28A17B641B8B2BB300A1654F /* Debug */ = {
			isa = XCBuildConfiguration;
			buildSettings = {
				BUNDLE_LOADER = "$(TEST_HOST)";
				FRAMEWORK_SEARCH_PATHS = (
					"$(SDKROOT)/Developer/Library/Frameworks",
					"$(inherited)",
				);
				GCC_PREPROCESSOR_DEFINITIONS = (
					"DEBUG=1",
					"$(inherited)",
				);
				INFOPLIST_FILE = "OpenGL-ESTests/Info.plist";
				LD_RUNPATH_SEARCH_PATHS = "$(inherited) @executable_path/Frameworks @loader_path/Frameworks";
				PRODUCT_NAME = "$(TARGET_NAME)";
				TEST_HOST = "$(BUILT_PRODUCTS_DIR)/OpenGL-ES.app/OpenGL-ES";
			};
			name = Debug;
		};
		28A17B651B8B2BB300A1654F /* Release */ = {
			isa = XCBuildConfiguration;
			buildSettings = {
				BUNDLE_LOADER = "$(TEST_HOST)";
				FRAMEWORK_SEARCH_PATHS = (
					"$(SDKROOT)/Developer/Library/Frameworks",
					"$(inherited)",
				);
				INFOPLIST_FILE = "OpenGL-ESTests/Info.plist";
				LD_RUNPATH_SEARCH_PATHS = "$(inherited) @executable_path/Frameworks @loader_path/Frameworks";
				PRODUCT_NAME = "$(TARGET_NAME)";
				TEST_HOST = "$(BUILT_PRODUCTS_DIR)/OpenGL-ES.app/OpenGL-ES";
			};
			name = Release;
		};
/* End XCBuildConfiguration section */

/* Begin XCConfigurationList section */
		28A17B341B8B2BB300A1654F /* Build configuration list for PBXProject "OpenGL-ES" */ = {
			isa = XCConfigurationList;
			buildConfigurations = (
				28A17B5E1B8B2BB300A1654F /* Debug */,
				28A17B5F1B8B2BB300A1654F /* Release */,
			);
			defaultConfigurationIsVisible = 0;
			defaultConfigurationName = Release;
		};
		28A17B601B8B2BB300A1654F /* Build configuration list for PBXNativeTarget "OpenGL-ES" */ = {
			isa = XCConfigurationList;
			buildConfigurations = (
				28A17B611B8B2BB300A1654F /* Debug */,
				28A17B621B8B2BB300A1654F /* Release */,
			);
			defaultConfigurationIsVisible = 0;
			defaultConfigurationName = Release;
		};
		28A17B631B8B2BB300A1654F /* Build configuration list for PBXNativeTarget "OpenGL-ESTests" */ = {
			isa = XCConfigurationList;
			buildConfigurations = (
				28A17B641B8B2BB300A1654F /* Debug */,
				28A17B651B8B2BB300A1654F /* Release */,
			);
			defaultConfigurationIsVisible = 0;
			defaultConfigurationName = Release;
		};
/* End XCConfigurationList section */
	};
	rootObject = 28A17B311B8B2BB300A1654F /* Project object */;
}
