// !$*UTF8*$!
{
	archiveVersion = 1;
	classes = {
	};
	objectVersion = 46;
	objects = {

/* Begin PBXBuildFile section */
		28B9A75A1C3B6075007CECF0 /* AIBluetoothManager.m in Sources */ = {isa = PBXBuildFile; fileRef = 28B9A7591C3B6075007CECF0 /* AIBluetoothManager.m */; };
		28E0B4A41C3A676C00029724 /* main.m in Sources */ = {isa = PBXBuildFile; fileRef = 28E0B4A31C3A676C00029724 /* main.m */; };
		28E0B4A71C3A676C00029724 /* AppDelegate.m in Sources */ = {isa = PBXBuildFile; fileRef = 28E0B4A61C3A676C00029724 /* AppDelegate.m */; };
		28E0B4AF1C3A676C00029724 /* Assets.xcassets in Resources */ = {isa = PBXBuildFile; fileRef = 28E0B4AE1C3A676C00029724 /* Assets.xcassets */; };
		28E0B4BD1C3A676C00029724 /* AIInsoleTests.m in Sources */ = {isa = PBXBuildFile; fileRef = 28E0B4BC1C3A676C00029724 /* AIInsoleTests.m */; };
		28E0B4C81C3A676C00029724 /* AIInsoleUITests.m in Sources */ = {isa = PBXBuildFile; fileRef = 28E0B4C71C3A676C00029724 /* AIInsoleUITests.m */; };
		28E0B4E31C3A72F000029724 /* AIViewController.m in Sources */ = {isa = PBXBuildFile; fileRef = 28E0B4E21C3A72F000029724 /* AIViewController.m */; };
		28E0B4E61C3A730A00029724 /* AIHomeViewController.m in Sources */ = {isa = PBXBuildFile; fileRef = 28E0B4E51C3A730A00029724 /* AIHomeViewController.m */; };
/* End PBXBuildFile section */

/* Begin PBXContainerItemProxy section */
		28E0B4B91C3A676C00029724 /* PBXContainerItemProxy */ = {
			isa = PBXContainerItemProxy;
			containerPortal = 28E0B4971C3A676C00029724 /* Project object */;
			proxyType = 1;
			remoteGlobalIDString = 28E0B49E1C3A676C00029724;
			remoteInfo = AIInsole;
		};
		28E0B4C41C3A676C00029724 /* PBXContainerItemProxy */ = {
			isa = PBXContainerItemProxy;
			containerPortal = 28E0B4971C3A676C00029724 /* Project object */;
			proxyType = 1;
			remoteGlobalIDString = 28E0B49E1C3A676C00029724;
			remoteInfo = AIInsole;
		};
/* End PBXContainerItemProxy section */

/* Begin PBXFileReference section */
		28B9A7581C3B6075007CECF0 /* AIBluetoothManager.h */ = {isa = PBXFileReference; fileEncoding = 4; lastKnownFileType = sourcecode.c.h; path = AIBluetoothManager.h; sourceTree = "<group>"; };
		28B9A7591C3B6075007CECF0 /* AIBluetoothManager.m */ = {isa = PBXFileReference; fileEncoding = 4; lastKnownFileType = sourcecode.c.objc; path = AIBluetoothManager.m; sourceTree = "<group>"; };
		28E0B49F1C3A676C00029724 /* AIInsole.app */ = {isa = PBXFileReference; explicitFileType = wrapper.application; includeInIndex = 0; path = AIInsole.app; sourceTree = BUILT_PRODUCTS_DIR; };
		28E0B4A31C3A676C00029724 /* main.m */ = {isa = PBXFileReference; lastKnownFileType = sourcecode.c.objc; path = main.m; sourceTree = "<group>"; };
		28E0B4A51C3A676C00029724 /* AppDelegate.h */ = {isa = PBXFileReference; lastKnownFileType = sourcecode.c.h; path = AppDelegate.h; sourceTree = "<group>"; };
		28E0B4A61C3A676C00029724 /* AppDelegate.m */ = {isa = PBXFileReference; lastKnownFileType = sourcecode.c.objc; path = AppDelegate.m; sourceTree = "<group>"; };
		28E0B4AE1C3A676C00029724 /* Assets.xcassets */ = {isa = PBXFileReference; lastKnownFileType = folder.assetcatalog; path = Assets.xcassets; sourceTree = "<group>"; };
		28E0B4B31C3A676C00029724 /* Info.plist */ = {isa = PBXFileReference; lastKnownFileType = text.plist.xml; path = Info.plist; sourceTree = "<group>"; };
		28E0B4B81C3A676C00029724 /* AIInsoleTests.xctest */ = {isa = PBXFileReference; explicitFileType = wrapper.cfbundle; includeInIndex = 0; path = AIInsoleTests.xctest; sourceTree = BUILT_PRODUCTS_DIR; };
		28E0B4BC1C3A676C00029724 /* AIInsoleTests.m */ = {isa = PBXFileReference; lastKnownFileType = sourcecode.c.objc; path = AIInsoleTests.m; sourceTree = "<group>"; };
		28E0B4BE1C3A676C00029724 /* Info.plist */ = {isa = PBXFileReference; lastKnownFileType = text.plist.xml; path = Info.plist; sourceTree = "<group>"; };
		28E0B4C31C3A676C00029724 /* AIInsoleUITests.xctest */ = {isa = PBXFileReference; explicitFileType = wrapper.cfbundle; includeInIndex = 0; path = AIInsoleUITests.xctest; sourceTree = BUILT_PRODUCTS_DIR; };
		28E0B4C71C3A676C00029724 /* AIInsoleUITests.m */ = {isa = PBXFileReference; lastKnownFileType = sourcecode.c.objc; path = AIInsoleUITests.m; sourceTree = "<group>"; };
		28E0B4C91C3A676C00029724 /* Info.plist */ = {isa = PBXFileReference; lastKnownFileType = text.plist.xml; path = Info.plist; sourceTree = "<group>"; };
		28E0B4E11C3A72F000029724 /* AIViewController.h */ = {isa = PBXFileReference; fileEncoding = 4; lastKnownFileType = sourcecode.c.h; path = AIViewController.h; sourceTree = "<group>"; };
		28E0B4E21C3A72F000029724 /* AIViewController.m */ = {isa = PBXFileReference; fileEncoding = 4; lastKnownFileType = sourcecode.c.objc; path = AIViewController.m; sourceTree = "<group>"; };
		28E0B4E41C3A730A00029724 /* AIHomeViewController.h */ = {isa = PBXFileReference; fileEncoding = 4; lastKnownFileType = sourcecode.c.h; path = AIHomeViewController.h; sourceTree = "<group>"; };
		28E0B4E51C3A730A00029724 /* AIHomeViewController.m */ = {isa = PBXFileReference; fileEncoding = 4; lastKnownFileType = sourcecode.c.objc; path = AIHomeViewController.m; sourceTree = "<group>"; };
/* End PBXFileReference section */

/* Begin PBXFrameworksBuildPhase section */
		28E0B49C1C3A676C00029724 /* Frameworks */ = {
			isa = PBXFrameworksBuildPhase;
			buildActionMask = 2147483647;
			files = (
			);
			runOnlyForDeploymentPostprocessing = 0;
		};
		28E0B4B51C3A676C00029724 /* Frameworks */ = {
			isa = PBXFrameworksBuildPhase;
			buildActionMask = 2147483647;
			files = (
			);
			runOnlyForDeploymentPostprocessing = 0;
		};
		28E0B4C01C3A676C00029724 /* Frameworks */ = {
			isa = PBXFrameworksBuildPhase;
			buildActionMask = 2147483647;
			files = (
			);
			runOnlyForDeploymentPostprocessing = 0;
		};
/* End PBXFrameworksBuildPhase section */

/* Begin PBXGroup section */
		28E0B4961C3A676C00029724 = {
			isa = PBXGroup;
			children = (
				28E0B4A11C3A676C00029724 /* AIInsole */,
				28E0B4BB1C3A676C00029724 /* AIInsoleTests */,
				28E0B4C61C3A676C00029724 /* AIInsoleUITests */,
				28E0B4A01C3A676C00029724 /* Products */,
			);
			sourceTree = "<group>";
		};
		28E0B4A01C3A676C00029724 /* Products */ = {
			isa = PBXGroup;
			children = (
				28E0B49F1C3A676C00029724 /* AIInsole.app */,
				28E0B4B81C3A676C00029724 /* AIInsoleTests.xctest */,
				28E0B4C31C3A676C00029724 /* AIInsoleUITests.xctest */,
			);
			name = Products;
			sourceTree = "<group>";
		};
		28E0B4A11C3A676C00029724 /* AIInsole */ = {
			isa = PBXGroup;
			children = (
				28E0B4DD1C3A72DA00029724 /* AIBase */,
				28E0B4D51C3A72AB00029724 /* AIHome */,
				28E0B4D91C3A72AB00029724 /* AILoginAndRegister */,
				28E0B4A51C3A676C00029724 /* AppDelegate.h */,
				28E0B4A61C3A676C00029724 /* AppDelegate.m */,
				28E0B4AE1C3A676C00029724 /* Assets.xcassets */,
				28E0B4B31C3A676C00029724 /* Info.plist */,
				28E0B4A21C3A676C00029724 /* Supporting Files */,
			);
			path = AIInsole;
			sourceTree = "<group>";
		};
		28E0B4A21C3A676C00029724 /* Supporting Files */ = {
			isa = PBXGroup;
			children = (
				28E0B4A31C3A676C00029724 /* main.m */,
			);
			name = "Supporting Files";
			sourceTree = "<group>";
		};
		28E0B4BB1C3A676C00029724 /* AIInsoleTests */ = {
			isa = PBXGroup;
			children = (
				28E0B4BC1C3A676C00029724 /* AIInsoleTests.m */,
				28E0B4BE1C3A676C00029724 /* Info.plist */,
			);
			path = AIInsoleTests;
			sourceTree = "<group>";
		};
		28E0B4C61C3A676C00029724 /* AIInsoleUITests */ = {
			isa = PBXGroup;
			children = (
				28E0B4C71C3A676C00029724 /* AIInsoleUITests.m */,
				28E0B4C91C3A676C00029724 /* Info.plist */,
			);
			path = AIInsoleUITests;
			sourceTree = "<group>";
		};
		28E0B4D51C3A72AB00029724 /* AIHome */ = {
			isa = PBXGroup;
			children = (
				28E0B4D61C3A72AB00029724 /* Model */,
				28E0B4D71C3A72AB00029724 /* View */,
				28E0B4D81C3A72AB00029724 /* ViewController */,
			);
			path = AIHome;
			sourceTree = "<group>";
		};
		28E0B4D61C3A72AB00029724 /* Model */ = {
			isa = PBXGroup;
			children = (
				28B9A7581C3B6075007CECF0 /* AIBluetoothManager.h */,
				28B9A7591C3B6075007CECF0 /* AIBluetoothManager.m */,
			);
			path = Model;
			sourceTree = "<group>";
		};
		28E0B4D71C3A72AB00029724 /* View */ = {
			isa = PBXGroup;
			children = (
			);
			path = View;
			sourceTree = "<group>";
		};
		28E0B4D81C3A72AB00029724 /* ViewController */ = {
			isa = PBXGroup;
			children = (
				28E0B4E41C3A730A00029724 /* AIHomeViewController.h */,
				28E0B4E51C3A730A00029724 /* AIHomeViewController.m */,
			);
			path = ViewController;
			sourceTree = "<group>";
		};
		28E0B4D91C3A72AB00029724 /* AILoginAndRegister */ = {
			isa = PBXGroup;
			children = (
				28E0B4DA1C3A72AB00029724 /* Model */,
				28E0B4DB1C3A72AB00029724 /* View */,
				28E0B4DC1C3A72AB00029724 /* ViewController */,
			);
			path = AILoginAndRegister;
			sourceTree = "<group>";
		};
		28E0B4DA1C3A72AB00029724 /* Model */ = {
			isa = PBXGroup;
			children = (
			);
			path = Model;
			sourceTree = "<group>";
		};
		28E0B4DB1C3A72AB00029724 /* View */ = {
			isa = PBXGroup;
			children = (
			);
			path = View;
			sourceTree = "<group>";
		};
		28E0B4DC1C3A72AB00029724 /* ViewController */ = {
			isa = PBXGroup;
			children = (
			);
			path = ViewController;
			sourceTree = "<group>";
		};
		28E0B4DD1C3A72DA00029724 /* AIBase */ = {
			isa = PBXGroup;
			children = (
				28E0B4DE1C3A72DA00029724 /* Model */,
				28E0B4DF1C3A72DA00029724 /* View */,
				28E0B4E01C3A72DA00029724 /* ViewController */,
			);
			path = AIBase;
			sourceTree = "<group>";
		};
		28E0B4DE1C3A72DA00029724 /* Model */ = {
			isa = PBXGroup;
			children = (
			);
			path = Model;
			sourceTree = "<group>";
		};
		28E0B4DF1C3A72DA00029724 /* View */ = {
			isa = PBXGroup;
			children = (
			);
			path = View;
			sourceTree = "<group>";
		};
		28E0B4E01C3A72DA00029724 /* ViewController */ = {
			isa = PBXGroup;
			children = (
				28E0B4E11C3A72F000029724 /* AIViewController.h */,
				28E0B4E21C3A72F000029724 /* AIViewController.m */,
			);
			path = ViewController;
			sourceTree = "<group>";
		};
/* End PBXGroup section */

/* Begin PBXNativeTarget section */
		28E0B49E1C3A676C00029724 /* AIInsole */ = {
			isa = PBXNativeTarget;
			buildConfigurationList = 28E0B4CC1C3A676C00029724 /* Build configuration list for PBXNativeTarget "AIInsole" */;
			buildPhases = (
				28E0B49B1C3A676C00029724 /* Sources */,
				28E0B49C1C3A676C00029724 /* Frameworks */,
				28E0B49D1C3A676C00029724 /* Resources */,
			);
			buildRules = (
			);
			dependencies = (
			);
			name = AIInsole;
			productName = AIInsole;
			productReference = 28E0B49F1C3A676C00029724 /* AIInsole.app */;
			productType = "com.apple.product-type.application";
		};
		28E0B4B71C3A676C00029724 /* AIInsoleTests */ = {
			isa = PBXNativeTarget;
			buildConfigurationList = 28E0B4CF1C3A676C00029724 /* Build configuration list for PBXNativeTarget "AIInsoleTests" */;
			buildPhases = (
				28E0B4B41C3A676C00029724 /* Sources */,
				28E0B4B51C3A676C00029724 /* Frameworks */,
				28E0B4B61C3A676C00029724 /* Resources */,
			);
			buildRules = (
			);
			dependencies = (
				28E0B4BA1C3A676C00029724 /* PBXTargetDependency */,
			);
			name = AIInsoleTests;
			productName = AIInsoleTests;
			productReference = 28E0B4B81C3A676C00029724 /* AIInsoleTests.xctest */;
			productType = "com.apple.product-type.bundle.unit-test";
		};
		28E0B4C21C3A676C00029724 /* AIInsoleUITests */ = {
			isa = PBXNativeTarget;
			buildConfigurationList = 28E0B4D21C3A676C00029724 /* Build configuration list for PBXNativeTarget "AIInsoleUITests" */;
			buildPhases = (
				28E0B4BF1C3A676C00029724 /* Sources */,
				28E0B4C01C3A676C00029724 /* Frameworks */,
				28E0B4C11C3A676C00029724 /* Resources */,
			);
			buildRules = (
			);
			dependencies = (
				28E0B4C51C3A676C00029724 /* PBXTargetDependency */,
			);
			name = AIInsoleUITests;
			productName = AIInsoleUITests;
			productReference = 28E0B4C31C3A676C00029724 /* AIInsoleUITests.xctest */;
			productType = "com.apple.product-type.bundle.ui-testing";
		};
/* End PBXNativeTarget section */

/* Begin PBXProject section */
		28E0B4971C3A676C00029724 /* Project object */ = {
			isa = PBXProject;
			attributes = {
				LastUpgradeCheck = 0710;
				ORGANIZATIONNAME = "郭毅";
				TargetAttributes = {
					28E0B49E1C3A676C00029724 = {
						CreatedOnToolsVersion = 7.1;
					};
					28E0B4B71C3A676C00029724 = {
						CreatedOnToolsVersion = 7.1;
						TestTargetID = 28E0B49E1C3A676C00029724;
					};
					28E0B4C21C3A676C00029724 = {
						CreatedOnToolsVersion = 7.1;
						TestTargetID = 28E0B49E1C3A676C00029724;
					};
				};
			};
			buildConfigurationList = 28E0B49A1C3A676C00029724 /* Build configuration list for PBXProject "AIInsole" */;
			compatibilityVersion = "Xcode 3.2";
			developmentRegion = English;
			hasScannedForEncodings = 0;
			knownRegions = (
				en,
				Base,
			);
			mainGroup = 28E0B4961C3A676C00029724;
			productRefGroup = 28E0B4A01C3A676C00029724 /* Products */;
			projectDirPath = "";
			projectRoot = "";
			targets = (
				28E0B49E1C3A676C00029724 /* AIInsole */,
				28E0B4B71C3A676C00029724 /* AIInsoleTests */,
				28E0B4C21C3A676C00029724 /* AIInsoleUITests */,
			);
		};
/* End PBXProject section */

/* Begin PBXResourcesBuildPhase section */
		28E0B49D1C3A676C00029724 /* Resources */ = {
			isa = PBXResourcesBuildPhase;
			buildActionMask = 2147483647;
			files = (
				28E0B4AF1C3A676C00029724 /* Assets.xcassets in Resources */,
			);
			runOnlyForDeploymentPostprocessing = 0;
		};
		28E0B4B61C3A676C00029724 /* Resources */ = {
			isa = PBXResourcesBuildPhase;
			buildActionMask = 2147483647;
			files = (
			);
			runOnlyForDeploymentPostprocessing = 0;
		};
		28E0B4C11C3A676C00029724 /* Resources */ = {
			isa = PBXResourcesBuildPhase;
			buildActionMask = 2147483647;
			files = (
			);
			runOnlyForDeploymentPostprocessing = 0;
		};
/* End PBXResourcesBuildPhase section */

/* Begin PBXSourcesBuildPhase section */
		28E0B49B1C3A676C00029724 /* Sources */ = {
			isa = PBXSourcesBuildPhase;
			buildActionMask = 2147483647;
			files = (
				28B9A75A1C3B6075007CECF0 /* AIBluetoothManager.m in Sources */,
				28E0B4A71C3A676C00029724 /* AppDelegate.m in Sources */,
				28E0B4E31C3A72F000029724 /* AIViewController.m in Sources */,
				28E0B4A41C3A676C00029724 /* main.m in Sources */,
				28E0B4E61C3A730A00029724 /* AIHomeViewController.m in Sources */,
			);
			runOnlyForDeploymentPostprocessing = 0;
		};
		28E0B4B41C3A676C00029724 /* Sources */ = {
			isa = PBXSourcesBuildPhase;
			buildActionMask = 2147483647;
			files = (
				28E0B4BD1C3A676C00029724 /* AIInsoleTests.m in Sources */,
			);
			runOnlyForDeploymentPostprocessing = 0;
		};
		28E0B4BF1C3A676C00029724 /* Sources */ = {
			isa = PBXSourcesBuildPhase;
			buildActionMask = 2147483647;
			files = (
				28E0B4C81C3A676C00029724 /* AIInsoleUITests.m in Sources */,
			);
			runOnlyForDeploymentPostprocessing = 0;
		};
/* End PBXSourcesBuildPhase section */

/* Begin PBXTargetDependency section */
		28E0B4BA1C3A676C00029724 /* PBXTargetDependency */ = {
			isa = PBXTargetDependency;
			target = 28E0B49E1C3A676C00029724 /* AIInsole */;
			targetProxy = 28E0B4B91C3A676C00029724 /* PBXContainerItemProxy */;
		};
		28E0B4C51C3A676C00029724 /* PBXTargetDependency */ = {
			isa = PBXTargetDependency;
			target = 28E0B49E1C3A676C00029724 /* AIInsole */;
			targetProxy = 28E0B4C41C3A676C00029724 /* PBXContainerItemProxy */;
		};
/* End PBXTargetDependency section */

/* Begin XCBuildConfiguration section */
		28E0B4CA1C3A676C00029724 /* Debug */ = {
			isa = XCBuildConfiguration;
			buildSettings = {
				ALWAYS_SEARCH_USER_PATHS = NO;
				CLANG_CXX_LANGUAGE_STANDARD = "gnu++0x";
				CLANG_CXX_LIBRARY = "libc++";
				CLANG_ENABLE_MODULES = YES;
				CLANG_ENABLE_OBJC_ARC = YES;
				CLANG_WARN_BOOL_CONVERSION = YES;
				CLANG_WARN_CONSTANT_CONVERSION = YES;
				CLANG_WARN_DIRECT_OBJC_ISA_USAGE = YES_ERROR;
				CLANG_WARN_EMPTY_BODY = YES;
				CLANG_WARN_ENUM_CONVERSION = YES;
				CLANG_WARN_INT_CONVERSION = YES;
				CLANG_WARN_OBJC_ROOT_CLASS = YES_ERROR;
				CLANG_WARN_UNREACHABLE_CODE = YES;
				CLANG_WARN__DUPLICATE_METHOD_MATCH = YES;
				"CODE_SIGN_IDENTITY[sdk=iphoneos*]" = "iPhone Developer";
				COPY_PHASE_STRIP = NO;
				DEBUG_INFORMATION_FORMAT = dwarf;
				ENABLE_STRICT_OBJC_MSGSEND = YES;
				ENABLE_TESTABILITY = YES;
				GCC_C_LANGUAGE_STANDARD = gnu99;
				GCC_DYNAMIC_NO_PIC = NO;
				GCC_NO_COMMON_BLOCKS = YES;
				GCC_OPTIMIZATION_LEVEL = 0;
				GCC_PREPROCESSOR_DEFINITIONS = (
					"DEBUG=1",
					"$(inherited)",
				);
				GCC_WARN_64_TO_32_BIT_CONVERSION = YES;
				GCC_WARN_ABOUT_RETURN_TYPE = YES_ERROR;
				GCC_WARN_UNDECLARED_SELECTOR = YES;
				GCC_WARN_UNINITIALIZED_AUTOS = YES_AGGRESSIVE;
				GCC_WARN_UNUSED_FUNCTION = YES;
				GCC_WARN_UNUSED_VARIABLE = YES;
				IPHONEOS_DEPLOYMENT_TARGET = 9.1;
				MTL_ENABLE_DEBUG_INFO = YES;
				ONLY_ACTIVE_ARCH = YES;
				SDKROOT = iphoneos;
				TARGETED_DEVICE_FAMILY = "1,2";
			};
			name = Debug;
		};
		28E0B4CB1C3A676C00029724 /* Release */ = {
			isa = XCBuildConfiguration;
			buildSettings = {
				ALWAYS_SEARCH_USER_PATHS = NO;
				CLANG_CXX_LANGUAGE_STANDARD = "gnu++0x";
				CLANG_CXX_LIBRARY = "libc++";
				CLANG_ENABLE_MODULES = YES;
				CLANG_ENABLE_OBJC_ARC = YES;
				CLANG_WARN_BOOL_CONVERSION = YES;
				CLANG_WARN_CONSTANT_CONVERSION = YES;
				CLANG_WARN_DIRECT_OBJC_ISA_USAGE = YES_ERROR;
				CLANG_WARN_EMPTY_BODY = YES;
				CLANG_WARN_ENUM_CONVERSION = YES;
				CLANG_WARN_INT_CONVERSION = YES;
				CLANG_WARN_OBJC_ROOT_CLASS = YES_ERROR;
				CLANG_WARN_UNREACHABLE_CODE = YES;
				CLANG_WARN__DUPLICATE_METHOD_MATCH = YES;
				"CODE_SIGN_IDENTITY[sdk=iphoneos*]" = "iPhone Developer";
				COPY_PHASE_STRIP = NO;
				DEBUG_INFORMATION_FORMAT = "dwarf-with-dsym";
				ENABLE_NS_ASSERTIONS = NO;
				ENABLE_STRICT_OBJC_MSGSEND = YES;
				GCC_C_LANGUAGE_STANDARD = gnu99;
				GCC_NO_COMMON_BLOCKS = YES;
				GCC_WARN_64_TO_32_BIT_CONVERSION = YES;
				GCC_WARN_ABOUT_RETURN_TYPE = YES_ERROR;
				GCC_WARN_UNDECLARED_SELECTOR = YES;
				GCC_WARN_UNINITIALIZED_AUTOS = YES_AGGRESSIVE;
				GCC_WARN_UNUSED_FUNCTION = YES;
				GCC_WARN_UNUSED_VARIABLE = YES;
				IPHONEOS_DEPLOYMENT_TARGET = 9.1;
				MTL_ENABLE_DEBUG_INFO = NO;
				SDKROOT = iphoneos;
				TARGETED_DEVICE_FAMILY = "1,2";
				VALIDATE_PRODUCT = YES;
			};
			name = Release;
		};
		28E0B4CD1C3A676C00029724 /* Debug */ = {
			isa = XCBuildConfiguration;
			buildSettings = {
				ASSETCATALOG_COMPILER_APPICON_NAME = AppIcon;
				ASSETCATALOG_COMPILER_LAUNCHIMAGE_NAME = LaunchImage;
				INFOPLIST_FILE = AIInsole/Info.plist;
				IPHONEOS_DEPLOYMENT_TARGET = 7.0;
				LD_RUNPATH_SEARCH_PATHS = "$(inherited) @executable_path/Frameworks";
				PRODUCT_BUNDLE_IDENTIFIER = com.AIInsole;
				PRODUCT_NAME = "$(TARGET_NAME)";
			};
			name = Debug;
		};
		28E0B4CE1C3A676C00029724 /* Release */ = {
			isa = XCBuildConfiguration;
			buildSettings = {
				ASSETCATALOG_COMPILER_APPICON_NAME = AppIcon;
				ASSETCATALOG_COMPILER_LAUNCHIMAGE_NAME = LaunchImage;
				INFOPLIST_FILE = AIInsole/Info.plist;
				IPHONEOS_DEPLOYMENT_TARGET = 7.0;
				LD_RUNPATH_SEARCH_PATHS = "$(inherited) @executable_path/Frameworks";
				PRODUCT_BUNDLE_IDENTIFIER = com.AIInsole;
				PRODUCT_NAME = "$(TARGET_NAME)";
			};
			name = Release;
		};
		28E0B4D01C3A676C00029724 /* Debug */ = {
			isa = XCBuildConfiguration;
			buildSettings = {
				BUNDLE_LOADER = "$(TEST_HOST)";
				INFOPLIST_FILE = AIInsoleTests/Info.plist;
				LD_RUNPATH_SEARCH_PATHS = "$(inherited) @executable_path/Frameworks @loader_path/Frameworks";
				PRODUCT_BUNDLE_IDENTIFIER = com.AIInsoleTests;
				PRODUCT_NAME = "$(TARGET_NAME)";
				TEST_HOST = "$(BUILT_PRODUCTS_DIR)/AIInsole.app/AIInsole";
			};
			name = Debug;
		};
		28E0B4D11C3A676C00029724 /* Release */ = {
			isa = XCBuildConfiguration;
			buildSettings = {
				BUNDLE_LOADER = "$(TEST_HOST)";
				INFOPLIST_FILE = AIInsoleTests/Info.plist;
				LD_RUNPATH_SEARCH_PATHS = "$(inherited) @executable_path/Frameworks @loader_path/Frameworks";
				PRODUCT_BUNDLE_IDENTIFIER = com.AIInsoleTests;
				PRODUCT_NAME = "$(TARGET_NAME)";
				TEST_HOST = "$(BUILT_PRODUCTS_DIR)/AIInsole.app/AIInsole";
			};
			name = Release;
		};
		28E0B4D31C3A676C00029724 /* Debug */ = {
			isa = XCBuildConfiguration;
			buildSettings = {
				INFOPLIST_FILE = AIInsoleUITests/Info.plist;
				LD_RUNPATH_SEARCH_PATHS = "$(inherited) @executable_path/Frameworks @loader_path/Frameworks";
				PRODUCT_BUNDLE_IDENTIFIER = com.AIInsoleUITests;
				PRODUCT_NAME = "$(TARGET_NAME)";
				TEST_TARGET_NAME = AIInsole;
				USES_XCTRUNNER = YES;
			};
			name = Debug;
		};
		28E0B4D41C3A676C00029724 /* Release */ = {
			isa = XCBuildConfiguration;
			buildSettings = {
				INFOPLIST_FILE = AIInsoleUITests/Info.plist;
				LD_RUNPATH_SEARCH_PATHS = "$(inherited) @executable_path/Frameworks @loader_path/Frameworks";
				PRODUCT_BUNDLE_IDENTIFIER = com.AIInsoleUITests;
				PRODUCT_NAME = "$(TARGET_NAME)";
				TEST_TARGET_NAME = AIInsole;
				USES_XCTRUNNER = YES;
			};
			name = Release;
		};
/* End XCBuildConfiguration section */

/* Begin XCConfigurationList section */
		28E0B49A1C3A676C00029724 /* Build configuration list for PBXProject "AIInsole" */ = {
			isa = XCConfigurationList;
			buildConfigurations = (
				28E0B4CA1C3A676C00029724 /* Debug */,
				28E0B4CB1C3A676C00029724 /* Release */,
			);
			defaultConfigurationIsVisible = 0;
			defaultConfigurationName = Release;
		};
		28E0B4CC1C3A676C00029724 /* Build configuration list for PBXNativeTarget "AIInsole" */ = {
			isa = XCConfigurationList;
			buildConfigurations = (
				28E0B4CD1C3A676C00029724 /* Debug */,
				28E0B4CE1C3A676C00029724 /* Release */,
			);
			defaultConfigurationIsVisible = 0;
			defaultConfigurationName = Release;
		};
		28E0B4CF1C3A676C00029724 /* Build configuration list for PBXNativeTarget "AIInsoleTests" */ = {
			isa = XCConfigurationList;
			buildConfigurations = (
				28E0B4D01C3A676C00029724 /* Debug */,
				28E0B4D11C3A676C00029724 /* Release */,
			);
			defaultConfigurationIsVisible = 0;
			defaultConfigurationName = Release;
		};
		28E0B4D21C3A676C00029724 /* Build configuration list for PBXNativeTarget "AIInsoleUITests" */ = {
			isa = XCConfigurationList;
			buildConfigurations = (
				28E0B4D31C3A676C00029724 /* Debug */,
				28E0B4D41C3A676C00029724 /* Release */,
			);
			defaultConfigurationIsVisible = 0;
			defaultConfigurationName = Release;
		};
/* End XCConfigurationList section */
	};
	rootObject = 28E0B4971C3A676C00029724 /* Project object */;
}
